
Microsoft Visual Studio Solution File, Format Version 12.00
# Visual Studio Version 16
VisualStudioVersion = 16.0.29911.84
MinimumVisualStudioVersion = 10.0.40219.1
Project("{9A19103F-16F7-4668-BE54-9A1E7A4F7556}") = "BlazorStreamingChatApp.UI", "BlazorStreamingChatApp.UI\BlazorStreamingChatApp.UI.csproj", "{B7D671D6-A12B-40D4-83E5-CDBB877C6F1E}"
EndProject
Project("{FAE04EC0-301F-11D3-BF4B-00C04F79EFBC}") = "BlazorStreamingChatApp.Core", "BlazorStreamingChatApp.Core\BlazorStreamingChatApp.Core.csproj", "{3CFA00AD-511C-4C5B-95D0-5B8C9E787B1F}"
EndProject
Global
	GlobalSection(SolutionConfigurationPlatforms) = preSolution
		Debug|Any CPU = Debug|Any CPU
		Release|Any CPU = Release|Any CPU
	EndGlobalSection
	GlobalSection(ProjectConfigurationPlatforms) = postSolution
		{B7D671D6-A12B-40D4-83E5-CDBB877C6F1E}.Debug|Any CPU.ActiveCfg = Debug|Any CPU
		{B7D671D6-A12B-40D4-83E5-CDBB877C6F1E}.Debug|Any CPU.Build.0 = Debug|Any CPU
		{B7D671D6-A12B-40D4-83E5-CDBB877C6F1E}.Release|Any CPU.ActiveCfg = Release|Any CPU
		{B7D671D6-A12B-40D4-83E5-CDBB877C6F1E}.Release|Any CPU.Build.0 = Release|Any CPU
		{3CFA00AD-511C-4C5B-95D0-5B8C9E787B1F}.Debug|Any CPU.ActiveCfg = Debug|Any CPU
		{3CFA00AD-511C-4C5B-95D0-5B8C9E787B1F}.Debug|Any CPU.Build.0 = Debug|Any CPU
		{3CFA00AD-511C-4C5B-95D0-5B8C9E787B1F}.Release|Any CPU.ActiveCfg = Release|Any CPU
		{3CFA00AD-511C-4C5B-95D0-5B8C9E787B1F}.Release|Any CPU.Build.0 = Release|Any CPU
	EndGlobalSection
	GlobalSection(SolutionProperties) = preSolution
		HideSolutionNode = FALSE
	EndGlobalSection
	GlobalSection(ExtensibilityGlobals) = postSolution
		SolutionGuid = {753233A1-1CE6-43EF-8674-A78A1DA16737}
	EndGlobalSection
EndGlobal
