
Microsoft Visual Studio Solution File, Format Version 12.00
# Visual Studio Version 16
VisualStudioVersion = 16.0.29911.84
MinimumVisualStudioVersion = 10.0.40219.1
Project("{9A19103F-16F7-4668-BE54-9A1E7A4F7556}") = "BlazorStreamingChatApp.Core", "BlazorStreamingChatApp.Core\BlazorStreamingChatApp.Core.csproj", "{3CFA00AD-511C-4C5B-95D0-5B8C9E787B1F}"
EndProject
Project("{9A19103F-16F7-4668-BE54-9A1E7A4F7556}") = "BlazorStreamingChatApp.UI.Server", "BlazorStreamingChatApp.UI\Server\BlazorStreamingChatApp.UI.Server.csproj", "{1DE931AE-BD63-441B-9866-7F2A5753ED8A}"
EndProject
Project("{9A19103F-16F7-4668-BE54-9A1E7A4F7556}") = "BlazorStreamingChatApp.UI.Client", "BlazorStreamingChatApp.UI\Client\BlazorStreamingChatApp.UI.Client.csproj", "{1E55999A-C79C-46D1-9E14-9338FE7E962E}"
EndProject
Project("{9A19103F-16F7-4668-BE54-9A1E7A4F7556}") = "BlazorStreamingChatApp.UI.Shared", "BlazorStreamingChatApp.UI\Shared\BlazorStreamingChatApp.UI.Shared.csproj", "{67CBA507-5439-429A-847B-C89F1E6D51D7}"
EndProject
Global
	GlobalSection(SolutionConfigurationPlatforms) = preSolution
		Debug|Any CPU = Debug|Any CPU
		Release|Any CPU = Release|Any CPU
	EndGlobalSection
	GlobalSection(ProjectConfigurationPlatforms) = postSolution
		{3CFA00AD-511C-4C5B-95D0-5B8C9E787B1F}.Debug|Any CPU.ActiveCfg = Debug|Any CPU
		{3CFA00AD-511C-4C5B-95D0-5B8C9E787B1F}.Debug|Any CPU.Build.0 = Debug|Any CPU
		{3CFA00AD-511C-4C5B-95D0-5B8C9E787B1F}.Release|Any CPU.ActiveCfg = Release|Any CPU
		{3CFA00AD-511C-4C5B-95D0-5B8C9E787B1F}.Release|Any CPU.Build.0 = Release|Any CPU
		{1DE931AE-BD63-441B-9866-7F2A5753ED8A}.Debug|Any CPU.ActiveCfg = Debug|Any CPU
		{1DE931AE-BD63-441B-9866-7F2A5753ED8A}.Debug|Any CPU.Build.0 = Debug|Any CPU
		{1DE931AE-BD63-441B-9866-7F2A5753ED8A}.Release|Any CPU.ActiveCfg = Release|Any CPU
		{1DE931AE-BD63-441B-9866-7F2A5753ED8A}.Release|Any CPU.Build.0 = Release|Any CPU
		{1E55999A-C79C-46D1-9E14-9338FE7E962E}.Debug|Any CPU.ActiveCfg = Debug|Any CPU
		{1E55999A-C79C-46D1-9E14-9338FE7E962E}.Debug|Any CPU.Build.0 = Debug|Any CPU
		{1E55999A-C79C-46D1-9E14-9338FE7E962E}.Release|Any CPU.ActiveCfg = Release|Any CPU
		{1E55999A-C79C-46D1-9E14-9338FE7E962E}.Release|Any CPU.Build.0 = Release|Any CPU
		{67CBA507-5439-429A-847B-C89F1E6D51D7}.Debug|Any CPU.ActiveCfg = Debug|Any CPU
		{67CBA507-5439-429A-847B-C89F1E6D51D7}.Debug|Any CPU.Build.0 = Debug|Any CPU
		{67CBA507-5439-429A-847B-C89F1E6D51D7}.Release|Any CPU.ActiveCfg = Release|Any CPU
		{67CBA507-5439-429A-847B-C89F1E6D51D7}.Release|Any CPU.Build.0 = Release|Any CPU
	EndGlobalSection
	GlobalSection(SolutionProperties) = preSolution
		HideSolutionNode = FALSE
	EndGlobalSection
	GlobalSection(ExtensibilityGlobals) = postSolution
		SolutionGuid = {753233A1-1CE6-43EF-8674-A78A1DA16737}
	EndGlobalSection
EndGlobal
